// !$*UTF8*$!
{
	archiveVersion = 1;
	classes = {
	};
	objectVersion = 46;
	objects = {

/* Begin PBXBuildFile section */
		3560067C1ADEDB1A00A2E309 /* LogarithimParameterViewController.m in Sources */ = {isa = PBXBuildFile; fileRef = 3560067B1ADEDB1A00A2E309 /* LogarithimParameterViewController.m */; };
		3560067F1ADEDB3F00A2E309 /* FactoringParameterViewController.m in Sources */ = {isa = PBXBuildFile; fileRef = 3560067E1ADEDB3F00A2E309 /* FactoringParameterViewController.m */; };
		356006821ADEDB5F00A2E309 /* FirstDegreeParameterViewController.m in Sources */ = {isa = PBXBuildFile; fileRef = 356006811ADEDB5F00A2E309 /* FirstDegreeParameterViewController.m */; };
		356006851ADEFE7600A2E309 /* Main.storyboard in Resources */ = {isa = PBXBuildFile; fileRef = 356006831ADEFE7600A2E309 /* Main.storyboard */; };
		3568F67E1AE175860029A4CF /* EquationInfos.m in Sources */ = {isa = PBXBuildFile; fileRef = 3568F67D1AE175860029A4CF /* EquationInfos.m */; };
		3568F6821AE180F80029A4CF /* EquationController.m in Sources */ = {isa = PBXBuildFile; fileRef = 3568F6811AE180F80029A4CF /* EquationController.m */; };
		357310891AD6EC72008878CC /* main.m in Sources */ = {isa = PBXBuildFile; fileRef = 357310881AD6EC72008878CC /* main.m */; };
		3573108C1AD6EC72008878CC /* AppDelegate.m in Sources */ = {isa = PBXBuildFile; fileRef = 3573108B1AD6EC72008878CC /* AppDelegate.m */; };
		3573108F1AD6EC72008878CC /* ViewController.m in Sources */ = {isa = PBXBuildFile; fileRef = 3573108E1AD6EC72008878CC /* ViewController.m */; };
		357310941AD6EC72008878CC /* Images.xcassets in Resources */ = {isa = PBXBuildFile; fileRef = 357310931AD6EC72008878CC /* Images.xcassets */; };
		357310971AD6EC72008878CC /* LaunchScreen.xib in Resources */ = {isa = PBXBuildFile; fileRef = 357310951AD6EC72008878CC /* LaunchScreen.xib */; };
		357310A31AD6EC73008878CC /* MathemagicsTests.m in Sources */ = {isa = PBXBuildFile; fileRef = 357310A21AD6EC73008878CC /* MathemagicsTests.m */; };
		35CB19A71AE1A83A00160C2F /* Bhaskara.m in Sources */ = {isa = PBXBuildFile; fileRef = 35CB199E1AE1A83A00160C2F /* Bhaskara.m */; };
		35CB19A81AE1A83A00160C2F /* Fatoracao.m in Sources */ = {isa = PBXBuildFile; fileRef = 35CB19A01AE1A83A00160C2F /* Fatoracao.m */; };
		35CB19A91AE1A83A00160C2F /* FirstGrade.m in Sources */ = {isa = PBXBuildFile; fileRef = 35CB19A21AE1A83A00160C2F /* FirstGrade.m */; };
		35CB19AA1AE1A83A00160C2F /* Fraction.m in Sources */ = {isa = PBXBuildFile; fileRef = 35CB19A41AE1A83A00160C2F /* Fraction.m */; };
		35CB19AB1AE1A83A00160C2F /* Logarithm.m in Sources */ = {isa = PBXBuildFile; fileRef = 35CB19A61AE1A83A00160C2F /* Logarithm.m */; };
		35DB39091ADD826300E3AEE9 /* BhaskaraParameterViewController.m in Sources */ = {isa = PBXBuildFile; fileRef = 35DB39081ADD826300E3AEE9 /* BhaskaraParameterViewController.m */; };
		C02DBFEE1AE9F82500536F4B /* Title.png in Resources */ = {isa = PBXBuildFile; fileRef = C02DBFE31AE9F82500536F4B /* Title.png */; };
		C02DBFEF1AE9F82500536F4B /* MenuButtons.png in Resources */ = {isa = PBXBuildFile; fileRef = C02DBFE41AE9F82500536F4B /* MenuButtons.png */; };
		C02DBFF01AE9F82500536F4B /* BG.png in Resources */ = {isa = PBXBuildFile; fileRef = C02DBFE51AE9F82500536F4B /* BG.png */; };
		C02DBFF11AE9F82500536F4B /* Fatoracao.png in Resources */ = {isa = PBXBuildFile; fileRef = C02DBFE61AE9F82500536F4B /* Fatoracao.png */; };
		C02DBFF21AE9F82500536F4B /* ButtonsEquation.png in Resources */ = {isa = PBXBuildFile; fileRef = C02DBFE71AE9F82500536F4B /* ButtonsEquation.png */; };
		C02DBFF31AE9F82500536F4B /* PrimeiroGrau.png in Resources */ = {isa = PBXBuildFile; fileRef = C02DBFE81AE9F82500536F4B /* PrimeiroGrau.png */; };
		C02DBFF41AE9F82500536F4B /* Bhaskhara.png in Resources */ = {isa = PBXBuildFile; fileRef = C02DBFE91AE9F82500536F4B /* Bhaskhara.png */; };
		C02DBFF51AE9F82500536F4B /* Logaritmo.png in Resources */ = {isa = PBXBuildFile; fileRef = C02DBFEA1AE9F82500536F4B /* Logaritmo.png */; };
		C02DBFF61AE9F82500536F4B /* Starting.png in Resources */ = {isa = PBXBuildFile; fileRef = C02DBFEB1AE9F82500536F4B /* Starting.png */; };
		C02DBFF71AE9F82500536F4B /* Clear.png in Resources */ = {isa = PBXBuildFile; fileRef = C02DBFEC1AE9F82500536F4B /* Clear.png */; };
		C02DBFF81AE9F82500536F4B /* Plain.pdf in Resources */ = {isa = PBXBuildFile; fileRef = C02DBFED1AE9F82500536F4B /* Plain.pdf */; };
/* End PBXBuildFile section */

/* Begin PBXContainerItemProxy section */
		3573109D1AD6EC73008878CC /* PBXContainerItemProxy */ = {
			isa = PBXContainerItemProxy;
			containerPortal = 3573107B1AD6EC72008878CC /* Project object */;
			proxyType = 1;
			remoteGlobalIDString = 357310821AD6EC72008878CC;
			remoteInfo = Mathemagics;
		};
/* End PBXContainerItemProxy section */

/* Begin PBXFileReference section */
		3560067A1ADEDB1A00A2E309 /* LogarithimParameterViewController.h */ = {isa = PBXFileReference; fileEncoding = 4; lastKnownFileType = sourcecode.c.h; path = LogarithimParameterViewController.h; sourceTree = "<group>"; };
		3560067B1ADEDB1A00A2E309 /* LogarithimParameterViewController.m */ = {isa = PBXFileReference; fileEncoding = 4; lastKnownFileType = sourcecode.c.objc; path = LogarithimParameterViewController.m; sourceTree = "<group>"; };
		3560067D1ADEDB3F00A2E309 /* FactoringParameterViewController.h */ = {isa = PBXFileReference; fileEncoding = 4; lastKnownFileType = sourcecode.c.h; path = FactoringParameterViewController.h; sourceTree = "<group>"; };
		3560067E1ADEDB3F00A2E309 /* FactoringParameterViewController.m */ = {isa = PBXFileReference; fileEncoding = 4; lastKnownFileType = sourcecode.c.objc; path = FactoringParameterViewController.m; sourceTree = "<group>"; };
		356006801ADEDB5F00A2E309 /* FirstDegreeParameterViewController.h */ = {isa = PBXFileReference; fileEncoding = 4; lastKnownFileType = sourcecode.c.h; path = FirstDegreeParameterViewController.h; sourceTree = "<group>"; };
		356006811ADEDB5F00A2E309 /* FirstDegreeParameterViewController.m */ = {isa = PBXFileReference; fileEncoding = 4; lastKnownFileType = sourcecode.c.objc; path = FirstDegreeParameterViewController.m; sourceTree = "<group>"; };
		356006841ADEFE7600A2E309 /* Base */ = {isa = PBXFileReference; lastKnownFileType = file.storyboard; name = Base; path = Mathemagics/Base.lproj/Main.storyboard; sourceTree = "<group>"; };
		3568F67C1AE175860029A4CF /* EquationInfos.h */ = {isa = PBXFileReference; fileEncoding = 4; lastKnownFileType = sourcecode.c.h; path = EquationInfos.h; sourceTree = "<group>"; };
		3568F67D1AE175860029A4CF /* EquationInfos.m */ = {isa = PBXFileReference; fileEncoding = 4; lastKnownFileType = sourcecode.c.objc; path = EquationInfos.m; sourceTree = "<group>"; };
		3568F67F1AE180410029A4CF /* ReceiveEquation.h */ = {isa = PBXFileReference; lastKnownFileType = sourcecode.c.h; path = ReceiveEquation.h; sourceTree = "<group>"; };
		3568F6801AE180F80029A4CF /* EquationController.h */ = {isa = PBXFileReference; fileEncoding = 4; lastKnownFileType = sourcecode.c.h; path = EquationController.h; sourceTree = "<group>"; };
		3568F6811AE180F80029A4CF /* EquationController.m */ = {isa = PBXFileReference; fileEncoding = 4; lastKnownFileType = sourcecode.c.objc; path = EquationController.m; sourceTree = "<group>"; };
		357310831AD6EC72008878CC /* Mathemagics.app */ = {isa = PBXFileReference; explicitFileType = wrapper.application; includeInIndex = 0; path = Mathemagics.app; sourceTree = BUILT_PRODUCTS_DIR; };
		357310871AD6EC72008878CC /* Info.plist */ = {isa = PBXFileReference; lastKnownFileType = text.plist.xml; path = Info.plist; sourceTree = "<group>"; };
		357310881AD6EC72008878CC /* main.m */ = {isa = PBXFileReference; lastKnownFileType = sourcecode.c.objc; path = main.m; sourceTree = "<group>"; };
		3573108A1AD6EC72008878CC /* AppDelegate.h */ = {isa = PBXFileReference; lastKnownFileType = sourcecode.c.h; path = AppDelegate.h; sourceTree = "<group>"; };
		3573108B1AD6EC72008878CC /* AppDelegate.m */ = {isa = PBXFileReference; lastKnownFileType = sourcecode.c.objc; path = AppDelegate.m; sourceTree = "<group>"; };
		3573108D1AD6EC72008878CC /* ViewController.h */ = {isa = PBXFileReference; lastKnownFileType = sourcecode.c.h; path = ViewController.h; sourceTree = "<group>"; };
		3573108E1AD6EC72008878CC /* ViewController.m */ = {isa = PBXFileReference; lastKnownFileType = sourcecode.c.objc; path = ViewController.m; sourceTree = "<group>"; };
		357310931AD6EC72008878CC /* Images.xcassets */ = {isa = PBXFileReference; lastKnownFileType = folder.assetcatalog; path = Images.xcassets; sourceTree = "<group>"; };
		357310961AD6EC72008878CC /* Base */ = {isa = PBXFileReference; lastKnownFileType = file.xib; name = Base; path = Base.lproj/LaunchScreen.xib; sourceTree = "<group>"; };
		3573109C1AD6EC73008878CC /* MathemagicsTests.xctest */ = {isa = PBXFileReference; explicitFileType = wrapper.cfbundle; includeInIndex = 0; path = MathemagicsTests.xctest; sourceTree = BUILT_PRODUCTS_DIR; };
		357310A11AD6EC73008878CC /* Info.plist */ = {isa = PBXFileReference; lastKnownFileType = text.plist.xml; path = Info.plist; sourceTree = "<group>"; };
		357310A21AD6EC73008878CC /* MathemagicsTests.m */ = {isa = PBXFileReference; lastKnownFileType = sourcecode.c.objc; path = MathemagicsTests.m; sourceTree = "<group>"; };
		35CB199D1AE1A83A00160C2F /* Bhaskara.h */ = {isa = PBXFileReference; fileEncoding = 4; lastKnownFileType = sourcecode.c.h; path = Bhaskara.h; sourceTree = "<group>"; };
		35CB199E1AE1A83A00160C2F /* Bhaskara.m */ = {isa = PBXFileReference; fileEncoding = 4; lastKnownFileType = sourcecode.c.objc; path = Bhaskara.m; sourceTree = "<group>"; };
		35CB199F1AE1A83A00160C2F /* Fatoracao.h */ = {isa = PBXFileReference; fileEncoding = 4; lastKnownFileType = sourcecode.c.h; path = Fatoracao.h; sourceTree = "<group>"; };
		35CB19A01AE1A83A00160C2F /* Fatoracao.m */ = {isa = PBXFileReference; fileEncoding = 4; lastKnownFileType = sourcecode.c.objc; path = Fatoracao.m; sourceTree = "<group>"; };
		35CB19A11AE1A83A00160C2F /* FirstGrade.h */ = {isa = PBXFileReference; fileEncoding = 4; lastKnownFileType = sourcecode.c.h; path = FirstGrade.h; sourceTree = "<group>"; };
		35CB19A21AE1A83A00160C2F /* FirstGrade.m */ = {isa = PBXFileReference; fileEncoding = 4; lastKnownFileType = sourcecode.c.objc; path = FirstGrade.m; sourceTree = "<group>"; };
		35CB19A31AE1A83A00160C2F /* Fraction.h */ = {isa = PBXFileReference; fileEncoding = 4; lastKnownFileType = sourcecode.c.h; path = Fraction.h; sourceTree = "<group>"; };
		35CB19A41AE1A83A00160C2F /* Fraction.m */ = {isa = PBXFileReference; fileEncoding = 4; lastKnownFileType = sourcecode.c.objc; path = Fraction.m; sourceTree = "<group>"; };
		35CB19A51AE1A83A00160C2F /* Logarithm.h */ = {isa = PBXFileReference; fileEncoding = 4; lastKnownFileType = sourcecode.c.h; path = Logarithm.h; sourceTree = "<group>"; };
		35CB19A61AE1A83A00160C2F /* Logarithm.m */ = {isa = PBXFileReference; fileEncoding = 4; lastKnownFileType = sourcecode.c.objc; path = Logarithm.m; sourceTree = "<group>"; };
		35DB39071ADD826300E3AEE9 /* BhaskaraParameterViewController.h */ = {isa = PBXFileReference; fileEncoding = 4; lastKnownFileType = sourcecode.c.h; path = BhaskaraParameterViewController.h; sourceTree = "<group>"; };
		35DB39081ADD826300E3AEE9 /* BhaskaraParameterViewController.m */ = {isa = PBXFileReference; fileEncoding = 4; lastKnownFileType = sourcecode.c.objc; path = BhaskaraParameterViewController.m; sourceTree = "<group>"; };
		C02DBFE31AE9F82500536F4B /* Title.png */ = {isa = PBXFileReference; lastKnownFileType = image.png; path = Title.png; sourceTree = "<group>"; };
		C02DBFE41AE9F82500536F4B /* MenuButtons.png */ = {isa = PBXFileReference; lastKnownFileType = image.png; path = MenuButtons.png; sourceTree = "<group>"; };
		C02DBFE51AE9F82500536F4B /* BG.png */ = {isa = PBXFileReference; lastKnownFileType = image.png; path = BG.png; sourceTree = "<group>"; };
		C02DBFE61AE9F82500536F4B /* Fatoracao.png */ = {isa = PBXFileReference; lastKnownFileType = image.png; path = Fatoracao.png; sourceTree = "<group>"; };
		C02DBFE71AE9F82500536F4B /* ButtonsEquation.png */ = {isa = PBXFileReference; lastKnownFileType = image.png; path = ButtonsEquation.png; sourceTree = "<group>"; };
		C02DBFE81AE9F82500536F4B /* PrimeiroGrau.png */ = {isa = PBXFileReference; lastKnownFileType = image.png; path = PrimeiroGrau.png; sourceTree = "<group>"; };
		C02DBFE91AE9F82500536F4B /* Bhaskhara.png */ = {isa = PBXFileReference; lastKnownFileType = image.png; path = Bhaskhara.png; sourceTree = "<group>"; };
		C02DBFEA1AE9F82500536F4B /* Logaritmo.png */ = {isa = PBXFileReference; lastKnownFileType = image.png; path = Logaritmo.png; sourceTree = "<group>"; };
		C02DBFEB1AE9F82500536F4B /* Starting.png */ = {isa = PBXFileReference; lastKnownFileType = image.png; path = Starting.png; sourceTree = "<group>"; };
		C02DBFEC1AE9F82500536F4B /* Clear.png */ = {isa = PBXFileReference; lastKnownFileType = image.png; path = Clear.png; sourceTree = "<group>"; };
		C02DBFED1AE9F82500536F4B /* Plain.pdf */ = {isa = PBXFileReference; lastKnownFileType = image.pdf; path = Plain.pdf; sourceTree = "<group>"; };
/* End PBXFileReference section */

/* Begin PBXFrameworksBuildPhase section */
		357310801AD6EC72008878CC /* Frameworks */ = {
			isa = PBXFrameworksBuildPhase;
			buildActionMask = 2147483647;
			files = (
			);
			runOnlyForDeploymentPostprocessing = 0;
		};
		357310991AD6EC73008878CC /* Frameworks */ = {
			isa = PBXFrameworksBuildPhase;
			buildActionMask = 2147483647;
			files = (
			);
			runOnlyForDeploymentPostprocessing = 0;
		};
/* End PBXFrameworksBuildPhase section */

/* Begin PBXGroup section */
		356006791ADEDA5600A2E309 /* ParameterControllers */ = {
			isa = PBXGroup;
			children = (
				3568F67F1AE180410029A4CF /* ReceiveEquation.h */,
				3568F67C1AE175860029A4CF /* EquationInfos.h */,
				3568F67D1AE175860029A4CF /* EquationInfos.m */,
				35DB39071ADD826300E3AEE9 /* BhaskaraParameterViewController.h */,
				35DB39081ADD826300E3AEE9 /* BhaskaraParameterViewController.m */,
				3560067A1ADEDB1A00A2E309 /* LogarithimParameterViewController.h */,
				3560067B1ADEDB1A00A2E309 /* LogarithimParameterViewController.m */,
				3560067D1ADEDB3F00A2E309 /* FactoringParameterViewController.h */,
				3560067E1ADEDB3F00A2E309 /* FactoringParameterViewController.m */,
				356006801ADEDB5F00A2E309 /* FirstDegreeParameterViewController.h */,
				356006811ADEDB5F00A2E309 /* FirstDegreeParameterViewController.m */,
				3568F6801AE180F80029A4CF /* EquationController.h */,
				3568F6811AE180F80029A4CF /* EquationController.m */,
			);
			name = ParameterControllers;
			sourceTree = "<group>";
		};
		3573107A1AD6EC72008878CC = {
			isa = PBXGroup;
			children = (
				357310851AD6EC72008878CC /* Mathemagics */,
				3573109F1AD6EC73008878CC /* MathemagicsTests */,
				357310841AD6EC72008878CC /* Products */,
			);
			sourceTree = "<group>";
		};
		357310841AD6EC72008878CC /* Products */ = {
			isa = PBXGroup;
			children = (
				357310831AD6EC72008878CC /* Mathemagics.app */,
				3573109C1AD6EC73008878CC /* MathemagicsTests.xctest */,
			);
			name = Products;
			sourceTree = "<group>";
		};
		357310851AD6EC72008878CC /* Mathemagics */ = {
			isa = PBXGroup;
			children = (
				35CB19AC1AE1A84500160C2F /* Generator */,
				356006791ADEDA5600A2E309 /* ParameterControllers */,
				3573108A1AD6EC72008878CC /* AppDelegate.h */,
				3573108B1AD6EC72008878CC /* AppDelegate.m */,
				3573108D1AD6EC72008878CC /* ViewController.h */,
				3573108E1AD6EC72008878CC /* ViewController.m */,
				357310931AD6EC72008878CC /* Images.xcassets */,
				356006831ADEFE7600A2E309 /* Main.storyboard */,
				357310951AD6EC72008878CC /* LaunchScreen.xib */,
				357310861AD6EC72008878CC /* Supporting Files */,
			);
			path = Mathemagics;
			sourceTree = "<group>";
		};
		357310861AD6EC72008878CC /* Supporting Files */ = {
			isa = PBXGroup;
			children = (
				C02DBFE21AE9F80600536F4B /* Images */,
				357310871AD6EC72008878CC /* Info.plist */,
				357310881AD6EC72008878CC /* main.m */,
			);
			name = "Supporting Files";
			sourceTree = "<group>";
		};
		3573109F1AD6EC73008878CC /* MathemagicsTests */ = {
			isa = PBXGroup;
			children = (
				357310A21AD6EC73008878CC /* MathemagicsTests.m */,
				357310A01AD6EC73008878CC /* Supporting Files */,
			);
			path = MathemagicsTests;
			sourceTree = "<group>";
		};
		357310A01AD6EC73008878CC /* Supporting Files */ = {
			isa = PBXGroup;
			children = (
				357310A11AD6EC73008878CC /* Info.plist */,
			);
			name = "Supporting Files";
			sourceTree = "<group>";
		};
		35CB19AC1AE1A84500160C2F /* Generator */ = {
			isa = PBXGroup;
			children = (
				35CB199D1AE1A83A00160C2F /* Bhaskara.h */,
				35CB199E1AE1A83A00160C2F /* Bhaskara.m */,
				35CB199F1AE1A83A00160C2F /* Fatoracao.h */,
				35CB19A01AE1A83A00160C2F /* Fatoracao.m */,
				35CB19A11AE1A83A00160C2F /* FirstGrade.h */,
				35CB19A21AE1A83A00160C2F /* FirstGrade.m */,
				35CB19A31AE1A83A00160C2F /* Fraction.h */,
				35CB19A41AE1A83A00160C2F /* Fraction.m */,
				35CB19A51AE1A83A00160C2F /* Logarithm.h */,
				35CB19A61AE1A83A00160C2F /* Logarithm.m */,
			);
			name = Generator;
			sourceTree = "<group>";
		};
		C02DBFE21AE9F80600536F4B /* Images */ = {
			isa = PBXGroup;
			children = (
				C02DBFE31AE9F82500536F4B /* Title.png */,
				C02DBFE41AE9F82500536F4B /* MenuButtons.png */,
				C02DBFE51AE9F82500536F4B /* BG.png */,
				C02DBFE61AE9F82500536F4B /* Fatoracao.png */,
				C02DBFE71AE9F82500536F4B /* ButtonsEquation.png */,
				C02DBFE81AE9F82500536F4B /* PrimeiroGrau.png */,
				C02DBFE91AE9F82500536F4B /* Bhaskhara.png */,
				C02DBFEA1AE9F82500536F4B /* Logaritmo.png */,
				C02DBFEB1AE9F82500536F4B /* Starting.png */,
				C02DBFEC1AE9F82500536F4B /* Clear.png */,
				C02DBFED1AE9F82500536F4B /* Plain.pdf */,
			);
			name = Images;
			sourceTree = "<group>";
		};
/* End PBXGroup section */

/* Begin PBXNativeTarget section */
		357310821AD6EC72008878CC /* Mathemagics */ = {
			isa = PBXNativeTarget;
			buildConfigurationList = 357310A61AD6EC73008878CC /* Build configuration list for PBXNativeTarget "Mathemagics" */;
			buildPhases = (
				3573107F1AD6EC72008878CC /* Sources */,
				357310801AD6EC72008878CC /* Frameworks */,
				357310811AD6EC72008878CC /* Resources */,
			);
			buildRules = (
			);
			dependencies = (
			);
			name = Mathemagics;
			productName = Mathemagics;
			productReference = 357310831AD6EC72008878CC /* Mathemagics.app */;
			productType = "com.apple.product-type.application";
		};
		3573109B1AD6EC73008878CC /* MathemagicsTests */ = {
			isa = PBXNativeTarget;
			buildConfigurationList = 357310A91AD6EC73008878CC /* Build configuration list for PBXNativeTarget "MathemagicsTests" */;
			buildPhases = (
				357310981AD6EC73008878CC /* Sources */,
				357310991AD6EC73008878CC /* Frameworks */,
				3573109A1AD6EC73008878CC /* Resources */,
			);
			buildRules = (
			);
			dependencies = (
				3573109E1AD6EC73008878CC /* PBXTargetDependency */,
			);
			name = MathemagicsTests;
			productName = MathemagicsTests;
			productReference = 3573109C1AD6EC73008878CC /* MathemagicsTests.xctest */;
			productType = "com.apple.product-type.bundle.unit-test";
		};
/* End PBXNativeTarget section */

/* Begin PBXProject section */
		3573107B1AD6EC72008878CC /* Project object */ = {
			isa = PBXProject;
			attributes = {
				LastUpgradeCheck = 0620;
				ORGANIZATIONNAME = "Leon Berni & Gabriel Nopper";
				TargetAttributes = {
					357310821AD6EC72008878CC = {
						CreatedOnToolsVersion = 6.2;
					};
					3573109B1AD6EC73008878CC = {
						CreatedOnToolsVersion = 6.2;
						TestTargetID = 357310821AD6EC72008878CC;
					};
				};
			};
			buildConfigurationList = 3573107E1AD6EC72008878CC /* Build configuration list for PBXProject "Mathemagics" */;
			compatibilityVersion = "Xcode 3.2";
			developmentRegion = English;
			hasScannedForEncodings = 0;
			knownRegions = (
				en,
				Base,
			);
			mainGroup = 3573107A1AD6EC72008878CC;
			productRefGroup = 357310841AD6EC72008878CC /* Products */;
			projectDirPath = "";
			projectRoot = "";
			targets = (
				357310821AD6EC72008878CC /* Mathemagics */,
				3573109B1AD6EC73008878CC /* MathemagicsTests */,
			);
		};
/* End PBXProject section */

/* Begin PBXResourcesBuildPhase section */
		357310811AD6EC72008878CC /* Resources */ = {
			isa = PBXResourcesBuildPhase;
			buildActionMask = 2147483647;
			files = (
				C02DBFF61AE9F82500536F4B /* Starting.png in Resources */,
				C02DBFF21AE9F82500536F4B /* ButtonsEquation.png in Resources */,
				C02DBFEE1AE9F82500536F4B /* Title.png in Resources */,
				356006851ADEFE7600A2E309 /* Main.storyboard in Resources */,
				C02DBFF71AE9F82500536F4B /* Clear.png in Resources */,
				C02DBFF11AE9F82500536F4B /* Fatoracao.png in Resources */,
				357310971AD6EC72008878CC /* LaunchScreen.xib in Resources */,
				C02DBFEF1AE9F82500536F4B /* MenuButtons.png in Resources */,
				C02DBFF01AE9F82500536F4B /* BG.png in Resources */,
				C02DBFF31AE9F82500536F4B /* PrimeiroGrau.png in Resources */,
				C02DBFF81AE9F82500536F4B /* Plain.pdf in Resources */,
				C02DBFF51AE9F82500536F4B /* Logaritmo.png in Resources */,
				C02DBFF41AE9F82500536F4B /* Bhaskhara.png in Resources */,
				357310941AD6EC72008878CC /* Images.xcassets in Resources */,
			);
			runOnlyForDeploymentPostprocessing = 0;
		};
		3573109A1AD6EC73008878CC /* Resources */ = {
			isa = PBXResourcesBuildPhase;
			buildActionMask = 2147483647;
			files = (
			);
			runOnlyForDeploymentPostprocessing = 0;
		};
/* End PBXResourcesBuildPhase section */

/* Begin PBXSourcesBuildPhase section */
		3573107F1AD6EC72008878CC /* Sources */ = {
			isa = PBXSourcesBuildPhase;
			buildActionMask = 2147483647;
			files = (
				35DB39091ADD826300E3AEE9 /* BhaskaraParameterViewController.m in Sources */,
				3573108F1AD6EC72008878CC /* ViewController.m in Sources */,
				35CB19AA1AE1A83A00160C2F /* Fraction.m in Sources */,
				35CB19A81AE1A83A00160C2F /* Fatoracao.m in Sources */,
				3568F6821AE180F80029A4CF /* EquationController.m in Sources */,
				35CB19AB1AE1A83A00160C2F /* Logarithm.m in Sources */,
				3560067F1ADEDB3F00A2E309 /* FactoringParameterViewController.m in Sources */,
				35CB19A71AE1A83A00160C2F /* Bhaskara.m in Sources */,
				35CB19A91AE1A83A00160C2F /* FirstGrade.m in Sources */,
				3573108C1AD6EC72008878CC /* AppDelegate.m in Sources */,
				3560067C1ADEDB1A00A2E309 /* LogarithimParameterViewController.m in Sources */,
				356006821ADEDB5F00A2E309 /* FirstDegreeParameterViewController.m in Sources */,
				357310891AD6EC72008878CC /* main.m in Sources */,
				3568F67E1AE175860029A4CF /* EquationInfos.m in Sources */,
			);
			runOnlyForDeploymentPostprocessing = 0;
		};
		357310981AD6EC73008878CC /* Sources */ = {
			isa = PBXSourcesBuildPhase;
			buildActionMask = 2147483647;
			files = (
				357310A31AD6EC73008878CC /* MathemagicsTests.m in Sources */,
			);
			runOnlyForDeploymentPostprocessing = 0;
		};
/* End PBXSourcesBuildPhase section */

/* Begin PBXTargetDependency section */
		3573109E1AD6EC73008878CC /* PBXTargetDependency */ = {
			isa = PBXTargetDependency;
			target = 357310821AD6EC72008878CC /* Mathemagics */;
			targetProxy = 3573109D1AD6EC73008878CC /* PBXContainerItemProxy */;
		};
/* End PBXTargetDependency section */

/* Begin PBXVariantGroup section */
		356006831ADEFE7600A2E309 /* Main.storyboard */ = {
			isa = PBXVariantGroup;
			children = (
				356006841ADEFE7600A2E309 /* Base */,
			);
			name = Main.storyboard;
			path = ..;
			sourceTree = "<group>";
		};
		357310951AD6EC72008878CC /* LaunchScreen.xib */ = {
			isa = PBXVariantGroup;
			children = (
				357310961AD6EC72008878CC /* Base */,
			);
			name = LaunchScreen.xib;
			sourceTree = "<group>";
		};
/* End PBXVariantGroup section */

/* Begin XCBuildConfiguration section */
		357310A41AD6EC73008878CC /* Debug */ = {
			isa = XCBuildConfiguration;
			buildSettings = {
				ALWAYS_SEARCH_USER_PATHS = NO;
				CLANG_CXX_LANGUAGE_STANDARD = "gnu++0x";
				CLANG_CXX_LIBRARY = "libc++";
				CLANG_ENABLE_MODULES = YES;
				CLANG_ENABLE_OBJC_ARC = YES;
				CLANG_WARN_BOOL_CONVERSION = YES;
				CLANG_WARN_CONSTANT_CONVERSION = YES;
				CLANG_WARN_DIRECT_OBJC_ISA_USAGE = YES_ERROR;
				CLANG_WARN_EMPTY_BODY = YES;
				CLANG_WARN_ENUM_CONVERSION = YES;
				CLANG_WARN_INT_CONVERSION = YES;
				CLANG_WARN_OBJC_ROOT_CLASS = YES_ERROR;
				CLANG_WARN_UNREACHABLE_CODE = YES;
				CLANG_WARN__DUPLICATE_METHOD_MATCH = YES;
				"CODE_SIGN_IDENTITY[sdk=iphoneos*]" = "iPhone Developer";
				COPY_PHASE_STRIP = NO;
				ENABLE_STRICT_OBJC_MSGSEND = YES;
				GCC_C_LANGUAGE_STANDARD = gnu99;
				GCC_DYNAMIC_NO_PIC = NO;
				GCC_OPTIMIZATION_LEVEL = 0;
				GCC_PREPROCESSOR_DEFINITIONS = (
					"DEBUG=1",
					"$(inherited)",
				);
				GCC_SYMBOLS_PRIVATE_EXTERN = NO;
				GCC_WARN_64_TO_32_BIT_CONVERSION = YES;
				GCC_WARN_ABOUT_RETURN_TYPE = YES_ERROR;
				GCC_WARN_UNDECLARED_SELECTOR = YES;
				GCC_WARN_UNINITIALIZED_AUTOS = YES_AGGRESSIVE;
				GCC_WARN_UNUSED_FUNCTION = YES;
				GCC_WARN_UNUSED_VARIABLE = YES;
				IPHONEOS_DEPLOYMENT_TARGET = 8.2;
				MTL_ENABLE_DEBUG_INFO = YES;
				ONLY_ACTIVE_ARCH = YES;
				SDKROOT = iphoneos;
				TARGETED_DEVICE_FAMILY = "1,2";
			};
			name = Debug;
		};
		357310A51AD6EC73008878CC /* Release */ = {
			isa = XCBuildConfiguration;
			buildSettings = {
				ALWAYS_SEARCH_USER_PATHS = NO;
				CLANG_CXX_LANGUAGE_STANDARD = "gnu++0x";
				CLANG_CXX_LIBRARY = "libc++";
				CLANG_ENABLE_MODULES = YES;
				CLANG_ENABLE_OBJC_ARC = YES;
				CLANG_WARN_BOOL_CONVERSION = YES;
				CLANG_WARN_CONSTANT_CONVERSION = YES;
				CLANG_WARN_DIRECT_OBJC_ISA_USAGE = YES_ERROR;
				CLANG_WARN_EMPTY_BODY = YES;
				CLANG_WARN_ENUM_CONVERSION = YES;
				CLANG_WARN_INT_CONVERSION = YES;
				CLANG_WARN_OBJC_ROOT_CLASS = YES_ERROR;
				CLANG_WARN_UNREACHABLE_CODE = YES;
				CLANG_WARN__DUPLICATE_METHOD_MATCH = YES;
				"CODE_SIGN_IDENTITY[sdk=iphoneos*]" = "iPhone Developer";
				COPY_PHASE_STRIP = NO;
				ENABLE_NS_ASSERTIONS = NO;
				ENABLE_STRICT_OBJC_MSGSEND = YES;
				GCC_C_LANGUAGE_STANDARD = gnu99;
				GCC_WARN_64_TO_32_BIT_CONVERSION = YES;
				GCC_WARN_ABOUT_RETURN_TYPE = YES_ERROR;
				GCC_WARN_UNDECLARED_SELECTOR = YES;
				GCC_WARN_UNINITIALIZED_AUTOS = YES_AGGRESSIVE;
				GCC_WARN_UNUSED_FUNCTION = YES;
				GCC_WARN_UNUSED_VARIABLE = YES;
				IPHONEOS_DEPLOYMENT_TARGET = 8.2;
				MTL_ENABLE_DEBUG_INFO = NO;
				SDKROOT = iphoneos;
				TARGETED_DEVICE_FAMILY = "1,2";
				VALIDATE_PRODUCT = YES;
			};
			name = Release;
		};
		357310A71AD6EC73008878CC /* Debug */ = {
			isa = XCBuildConfiguration;
			buildSettings = {
				ASSETCATALOG_COMPILER_APPICON_NAME = AppIcon;
				INFOPLIST_FILE = Mathemagics/Info.plist;
				IPHONEOS_DEPLOYMENT_TARGET = 8.1;
				LD_RUNPATH_SEARCH_PATHS = "$(inherited) @executable_path/Frameworks";
				PRODUCT_NAME = "$(TARGET_NAME)";
			};
			name = Debug;
		};
		357310A81AD6EC73008878CC /* Release */ = {
			isa = XCBuildConfiguration;
			buildSettings = {
				ASSETCATALOG_COMPILER_APPICON_NAME = AppIcon;
				INFOPLIST_FILE = Mathemagics/Info.plist;
				IPHONEOS_DEPLOYMENT_TARGET = 8.1;
				LD_RUNPATH_SEARCH_PATHS = "$(inherited) @executable_path/Frameworks";
				PRODUCT_NAME = "$(TARGET_NAME)";
			};
			name = Release;
		};
		357310AA1AD6EC73008878CC /* Debug */ = {
			isa = XCBuildConfiguration;
			buildSettings = {
				BUNDLE_LOADER = "$(TEST_HOST)";
				FRAMEWORK_SEARCH_PATHS = (
					"$(SDKROOT)/Developer/Library/Frameworks",
					"$(inherited)",
				);
				GCC_PREPROCESSOR_DEFINITIONS = (
					"DEBUG=1",
					"$(inherited)",
				);
				INFOPLIST_FILE = MathemagicsTests/Info.plist;
				LD_RUNPATH_SEARCH_PATHS = "$(inherited) @executable_path/Frameworks @loader_path/Frameworks";
				PRODUCT_NAME = "$(TARGET_NAME)";
				TEST_HOST = "$(BUILT_PRODUCTS_DIR)/Mathemagics.app/Mathemagics";
			};
			name = Debug;
		};
		357310AB1AD6EC73008878CC /* Release */ = {
			isa = XCBuildConfiguration;
			buildSettings = {
				BUNDLE_LOADER = "$(TEST_HOST)";
				FRAMEWORK_SEARCH_PATHS = (
					"$(SDKROOT)/Developer/Library/Frameworks",
					"$(inherited)",
				);
				INFOPLIST_FILE = MathemagicsTests/Info.plist;
				LD_RUNPATH_SEARCH_PATHS = "$(inherited) @executable_path/Frameworks @loader_path/Frameworks";
				PRODUCT_NAME = "$(TARGET_NAME)";
				TEST_HOST = "$(BUILT_PRODUCTS_DIR)/Mathemagics.app/Mathemagics";
			};
			name = Release;
		};
/* End XCBuildConfiguration section */

/* Begin XCConfigurationList section */
		3573107E1AD6EC72008878CC /* Build configuration list for PBXProject "Mathemagics" */ = {
			isa = XCConfigurationList;
			buildConfigurations = (
				357310A41AD6EC73008878CC /* Debug */,
				357310A51AD6EC73008878CC /* Release */,
			);
			defaultConfigurationIsVisible = 0;
			defaultConfigurationName = Release;
		};
		357310A61AD6EC73008878CC /* Build configuration list for PBXNativeTarget "Mathemagics" */ = {
			isa = XCConfigurationList;
			buildConfigurations = (
				357310A71AD6EC73008878CC /* Debug */,
				357310A81AD6EC73008878CC /* Release */,
			);
			defaultConfigurationIsVisible = 0;
			defaultConfigurationName = Release;
		};
		357310A91AD6EC73008878CC /* Build configuration list for PBXNativeTarget "MathemagicsTests" */ = {
			isa = XCConfigurationList;
			buildConfigurations = (
				357310AA1AD6EC73008878CC /* Debug */,
				357310AB1AD6EC73008878CC /* Release */,
			);
			defaultConfigurationIsVisible = 0;
			defaultConfigurationName = Release;
		};
/* End XCConfigurationList section */
	};
	rootObject = 3573107B1AD6EC72008878CC /* Project object */;
}
